// !$*UTF8*$!
{
	archiveVersion = 1;
	classes = {
	};
	objectVersion = 48;
	objects = {

/* Begin PBXBuildFile section */
		79DAF6FF203BEA020076B036 /* AppDelegate.swift in Sources */ = {isa = PBXBuildFile; fileRef = 79DAF6FE203BEA020076B036 /* AppDelegate.swift */; };
		79DAF701203BEA020076B036 /* ViewController.swift in Sources */ = {isa = PBXBuildFile; fileRef = 79DAF700203BEA020076B036 /* ViewController.swift */; };
		79DAF704203BEA020076B036 /* Main.storyboard in Resources */ = {isa = PBXBuildFile; fileRef = 79DAF702203BEA020076B036 /* Main.storyboard */; };
		79DAF706203BEA020076B036 /* Assets.xcassets in Resources */ = {isa = PBXBuildFile; fileRef = 79DAF705203BEA020076B036 /* Assets.xcassets */; };
		79DAF709203BEA020076B036 /* LaunchScreen.storyboard in Resources */ = {isa = PBXBuildFile; fileRef = 79DAF707203BEA020076B036 /* LaunchScreen.storyboard */; };
		79DAF711203BEFE40076B036 /* addBooks.swift in Sources */ = {isa = PBXBuildFile; fileRef = 79DAF710203BEFE40076B036 /* addBooks.swift */; };
		79DAF71B203C82990076B036 /* bookMoreInfoController.swift in Sources */ = {isa = PBXBuildFile; fileRef = 79DAF71A203C82990076B036 /* bookMoreInfoController.swift */; };
/* End PBXBuildFile section */

/* Begin PBXFileReference section */
		79DAF6FB203BEA020076B036 /* lab2.app */ = {isa = PBXFileReference; explicitFileType = wrapper.application; includeInIndex = 0; path = lab2.app; sourceTree = BUILT_PRODUCTS_DIR; };
		79DAF6FE203BEA020076B036 /* AppDelegate.swift */ = {isa = PBXFileReference; lastKnownFileType = sourcecode.swift; path = AppDelegate.swift; sourceTree = "<group>"; };
		79DAF700203BEA020076B036 /* ViewController.swift */ = {isa = PBXFileReference; lastKnownFileType = sourcecode.swift; path = ViewController.swift; sourceTree = "<group>"; };
		79DAF703203BEA020076B036 /* Base */ = {isa = PBXFileReference; lastKnownFileType = file.storyboard; name = Base; path = Base.lproj/Main.storyboard; sourceTree = "<group>"; };
		79DAF705203BEA020076B036 /* Assets.xcassets */ = {isa = PBXFileReference; lastKnownFileType = folder.assetcatalog; path = Assets.xcassets; sourceTree = "<group>"; };
		79DAF708203BEA020076B036 /* Base */ = {isa = PBXFileReference; lastKnownFileType = file.storyboard; name = Base; path = Base.lproj/LaunchScreen.storyboard; sourceTree = "<group>"; };
		79DAF70A203BEA020076B036 /* Info.plist */ = {isa = PBXFileReference; lastKnownFileType = text.plist.xml; path = Info.plist; sourceTree = "<group>"; };
		79DAF710203BEFE40076B036 /* addBooks.swift */ = {isa = PBXFileReference; lastKnownFileType = sourcecode.swift; path = addBooks.swift; sourceTree = "<group>"; };
		79DAF71A203C82990076B036 /* bookMoreInfoController.swift */ = {isa = PBXFileReference; lastKnownFileType = sourcecode.swift; path = bookMoreInfoController.swift; sourceTree = "<group>"; };
/* End PBXFileReference section */

/* Begin PBXFrameworksBuildPhase section */
		79DAF6F8203BEA020076B036 /* Frameworks */ = {
			isa = PBXFrameworksBuildPhase;
			buildActionMask = 2147483647;
			files = (
			);
			runOnlyForDeploymentPostprocessing = 0;
		};
/* End PBXFrameworksBuildPhase section */

/* Begin PBXGroup section */
		79DAF6F2203BEA020076B036 = {
			isa = PBXGroup;
			children = (
				79DAF6FD203BEA020076B036 /* lab2 */,
				79DAF6FC203BEA020076B036 /* Products */,
			);
			sourceTree = "<group>";
		};
		79DAF6FC203BEA020076B036 /* Products */ = {
			isa = PBXGroup;
			children = (
				79DAF6FB203BEA020076B036 /* lab2.app */,
			);
			name = Products;
			sourceTree = "<group>";
		};
		79DAF6FD203BEA020076B036 /* lab2 */ = {
			isa = PBXGroup;
			children = (
				79DAF6FE203BEA020076B036 /* AppDelegate.swift */,
				79DAF700203BEA020076B036 /* ViewController.swift */,
				79DAF702203BEA020076B036 /* Main.storyboard */,
				79DAF71A203C82990076B036 /* bookMoreInfoController.swift */,
				79DAF710203BEFE40076B036 /* addBooks.swift */,
				79DAF705203BEA020076B036 /* Assets.xcassets */,
				79DAF707203BEA020076B036 /* LaunchScreen.storyboard */,
				79DAF70A203BEA020076B036 /* Info.plist */,
			);
			path = lab2;
			sourceTree = "<group>";
		};
/* End PBXGroup section */

/* Begin PBXNativeTarget section */
		79DAF6FA203BEA020076B036 /* lab2 */ = {
			isa = PBXNativeTarget;
			buildConfigurationList = 79DAF70D203BEA020076B036 /* Build configuration list for PBXNativeTarget "lab2" */;
			buildPhases = (
				79DAF6F7203BEA020076B036 /* Sources */,
				79DAF6F8203BEA020076B036 /* Frameworks */,
				79DAF6F9203BEA020076B036 /* Resources */,
			);
			buildRules = (
			);
			dependencies = (
			);
			name = lab2;
			productName = lab2;
			productReference = 79DAF6FB203BEA020076B036 /* lab2.app */;
			productType = "com.apple.product-type.application";
		};
/* End PBXNativeTarget section */

/* Begin PBXProject section */
		79DAF6F3203BEA020076B036 /* Project object */ = {
			isa = PBXProject;
			attributes = {
				LastSwiftUpdateCheck = 0920;
				LastUpgradeCheck = 0920;
				ORGANIZATIONNAME = "Pujan Tandukar";
				TargetAttributes = {
					79DAF6FA203BEA020076B036 = {
						CreatedOnToolsVersion = 9.2;
						ProvisioningStyle = Automatic;
					};
				};
			};
			buildConfigurationList = 79DAF6F6203BEA020076B036 /* Build configuration list for PBXProject "lab2" */;
			compatibilityVersion = "Xcode 8.0";
			developmentRegion = en;
			hasScannedForEncodings = 0;
			knownRegions = (
				en,
				Base,
			);
			mainGroup = 79DAF6F2203BEA020076B036;
			productRefGroup = 79DAF6FC203BEA020076B036 /* Products */;
			projectDirPath = "";
			projectRoot = "";
			targets = (
				79DAF6FA203BEA020076B036 /* lab2 */,
			);
		};
/* End PBXProject section */

/* Begin PBXResourcesBuildPhase section */
		79DAF6F9203BEA020076B036 /* Resources */ = {
			isa = PBXResourcesBuildPhase;
			buildActionMask = 2147483647;
			files = (
				79DAF709203BEA020076B036 /* LaunchScreen.storyboard in Resources */,
				79DAF706203BEA020076B036 /* Assets.xcassets in Resources */,
				79DAF704203BEA020076B036 /* Main.storyboard in Resources */,
			);
			runOnlyForDeploymentPostprocessing = 0;
		};
/* End PBXResourcesBuildPhase section */

/* Begin PBXSourcesBuildPhase section */
		79DAF6F7203BEA020076B036 /* Sources */ = {
			isa = PBXSourcesBuildPhase;
			buildActionMask = 2147483647;
			files = (
				79DAF701203BEA020076B036 /* ViewController.swift in Sources */,
				79DAF71B203C82990076B036 /* bookMoreInfoController.swift in Sources */,
				79DAF711203BEFE40076B036 /* addBooks.swift in Sources */,
				79DAF6FF203BEA020076B036 /* AppDelegate.swift in Sources */,
			);
			runOnlyForDeploymentPostprocessing = 0;
		};
/* End PBXSourcesBuildPhase section */

/* Begin PBXVariantGroup section */
		79DAF702203BEA020076B036 /* Main.storyboard */ = {
			isa = PBXVariantGroup;
			children = (
				79DAF703203BEA020076B036 /* Base */,
			);
			name = Main.storyboard;
			sourceTree = "<group>";
		};
		79DAF707203BEA020076B036 /* LaunchScreen.storyboard */ = {
			isa = PBXVariantGroup;
			children = (
				79DAF708203BEA020076B036 /* Base */,
			);
			name = LaunchScreen.storyboard;
			sourceTree = "<group>";
		};
/* End PBXVariantGroup section */

/* Begin XCBuildConfiguration section */
		79DAF70B203BEA020076B036 /* Debug */ = {
			isa = XCBuildConfiguration;
			buildSettings = {
				ALWAYS_SEARCH_USER_PATHS = NO;
				CLANG_ANALYZER_NONNULL = YES;
				CLANG_ANALYZER_NUMBER_OBJECT_CONVERSION = YES_AGGRESSIVE;
				CLANG_CXX_LANGUAGE_STANDARD = "gnu++14";
				CLANG_CXX_LIBRARY = "libc++";
				CLANG_ENABLE_MODULES = YES;
				CLANG_ENABLE_OBJC_ARC = YES;
				CLANG_WARN_BLOCK_CAPTURE_AUTORELEASING = YES;
				CLANG_WARN_BOOL_CONVERSION = YES;
				CLANG_WARN_COMMA = YES;
				CLANG_WARN_CONSTANT_CONVERSION = YES;
				CLANG_WARN_DIRECT_OBJC_ISA_USAGE = YES_ERROR;
				CLANG_WARN_DOCUMENTATION_COMMENTS = YES;
				CLANG_WARN_EMPTY_BODY = YES;
				CLANG_WARN_ENUM_CONVERSION = YES;
				CLANG_WARN_INFINITE_RECURSION = YES;
				CLANG_WARN_INT_CONVERSION = YES;
				CLANG_WARN_NON_LITERAL_NULL_CONVERSION = YES;
				CLANG_WARN_OBJC_LITERAL_CONVERSION = YES;
				CLANG_WARN_OBJC_ROOT_CLASS = YES_ERROR;
				CLANG_WARN_RANGE_LOOP_ANALYSIS = YES;
				CLANG_WARN_STRICT_PROTOTYPES = YES;
				CLANG_WARN_SUSPICIOUS_MOVE = YES;
				CLANG_WARN_UNGUARDED_AVAILABILITY = YES_AGGRESSIVE;
				CLANG_WARN_UNREACHABLE_CODE = YES;
				CLANG_WARN__DUPLICATE_METHOD_MATCH = YES;
				CODE_SIGN_IDENTITY = "iPhone Developer";
				COPY_PHASE_STRIP = NO;
				DEBUG_INFORMATION_FORMAT = dwarf;
				ENABLE_STRICT_OBJC_MSGSEND = YES;
				ENABLE_TESTABILITY = YES;
				GCC_C_LANGUAGE_STANDARD = gnu11;
				GCC_DYNAMIC_NO_PIC = NO;
				GCC_NO_COMMON_BLOCKS = YES;
				GCC_OPTIMIZATION_LEVEL = 0;
				GCC_PREPROCESSOR_DEFINITIONS = (
					"DEBUG=1",
					"$(inherited)",
				);
				GCC_WARN_64_TO_32_BIT_CONVERSION = YES;
				GCC_WARN_ABOUT_RETURN_TYPE = YES_ERROR;
				GCC_WARN_UNDECLARED_SELECTOR = YES;
				GCC_WARN_UNINITIALIZED_AUTOS = YES_AGGRESSIVE;
				GCC_WARN_UNUSED_FUNCTION = YES;
				GCC_WARN_UNUSED_VARIABLE = YES;
				IPHONEOS_DEPLOYMENT_TARGET = 11.2;
				MTL_ENABLE_DEBUG_INFO = YES;
				ONLY_ACTIVE_ARCH = YES;
				SDKROOT = iphoneos;
				SWIFT_ACTIVE_COMPILATION_CONDITIONS = DEBUG;
				SWIFT_OPTIMIZATION_LEVEL = "-Onone";
			};
			name = Debug;
		};
		79DAF70C203BEA020076B036 /* Release */ = {
			isa = XCBuildConfiguration;
			buildSettings = {
				ALWAYS_SEARCH_USER_PATHS = NO;
				CLANG_ANALYZER_NONNULL = YES;
				CLANG_ANALYZER_NUMBER_OBJECT_CONVERSION = YES_AGGRESSIVE;
				CLANG_CXX_LANGUAGE_STANDARD = "gnu++14";
				CLANG_CXX_LIBRARY = "libc++";
				CLANG_ENABLE_MODULES = YES;
				CLANG_ENABLE_OBJC_ARC = YES;
				CLANG_WARN_BLOCK_CAPTURE_AUTORELEASING = YES;
				CLANG_WARN_BOOL_CONVERSION = YES;
				CLANG_WARN_COMMA = YES;
				CLANG_WARN_CONSTANT_CONVERSION = YES;
				CLANG_WARN_DIRECT_OBJC_ISA_USAGE = YES_ERROR;
				CLANG_WARN_DOCUMENTATION_COMMENTS = YES;
				CLANG_WARN_EMPTY_BODY = YES;
				CLANG_WARN_ENUM_CONVERSION = YES;
				CLANG_WARN_INFINITE_RECURSION = YES;
				CLANG_WARN_INT_CONVERSION = YES;
				CLANG_WARN_NON_LITERAL_NULL_CONVERSION = YES;
				CLANG_WARN_OBJC_LITERAL_CONVERSION = YES;
				CLANG_WARN_OBJC_ROOT_CLASS = YES_ERROR;
				CLANG_WARN_RANGE_LOOP_ANALYSIS = YES;
				CLANG_WARN_STRICT_PROTOTYPES = YES;
				CLANG_WARN_SUSPICIOUS_MOVE = YES;
				CLANG_WARN_UNGUARDED_AVAILABILITY = YES_AGGRESSIVE;
				CLANG_WARN_UNREACHABLE_CODE = YES;
				CLANG_WARN__DUPLICATE_METHOD_MATCH = YES;
				CODE_SIGN_IDENTITY = "iPhone Developer";
				COPY_PHASE_STRIP = NO;
				DEBUG_INFORMATION_FORMAT = "dwarf-with-dsym";
				ENABLE_NS_ASSERTIONS = NO;
				ENABLE_STRICT_OBJC_MSGSEND = YES;
				GCC_C_LANGUAGE_STANDARD = gnu11;
				GCC_NO_COMMON_BLOCKS = YES;
				GCC_WARN_64_TO_32_BIT_CONVERSION = YES;
				GCC_WARN_ABOUT_RETURN_TYPE = YES_ERROR;
				GCC_WARN_UNDECLARED_SELECTOR = YES;
				GCC_WARN_UNINITIALIZED_AUTOS = YES_AGGRESSIVE;
				GCC_WARN_UNUSED_FUNCTION = YES;
				GCC_WARN_UNUSED_VARIABLE = YES;
				IPHONEOS_DEPLOYMENT_TARGET = 11.2;
				MTL_ENABLE_DEBUG_INFO = NO;
				SDKROOT = iphoneos;
				SWIFT_OPTIMIZATION_LEVEL = "-Owholemodule";
				VALIDATE_PRODUCT = YES;
			};
			name = Release;
		};
		79DAF70E203BEA020076B036 /* Debug */ = {
			isa = XCBuildConfiguration;
			buildSettings = {
				ASSETCATALOG_COMPILER_APPICON_NAME = AppIcon;
				CODE_SIGN_STYLE = Automatic;
				DEVELOPMENT_TEAM = 3GA37W523F;
				INFOPLIST_FILE = lab2/Info.plist;
				LD_RUNPATH_SEARCH_PATHS = "$(inherited) @executable_path/Frameworks";
				PRODUCT_BUNDLE_IDENTIFIER = pujantandukar.lab2;
				PRODUCT_NAME = "$(TARGET_NAME)";
				SWIFT_VERSION = 4.0;
				TARGETED_DEVICE_FAMILY = "1,2";
			};
			name = Debug;
		};
		79DAF70F203BEA020076B036 /* Release */ = {
			isa = XCBuildConfiguration;
			buildSettings = {
				ASSETCATALOG_COMPILER_APPICON_NAME = AppIcon;
				CODE_SIGN_STYLE = Automatic;
				DEVELOPMENT_TEAM = 3GA37W523F;
				INFOPLIST_FILE = lab2/Info.plist;
				LD_RUNPATH_SEARCH_PATHS = "$(inherited) @executable_path/Frameworks";
				PRODUCT_BUNDLE_IDENTIFIER = pujantandukar.lab2;
				PRODUCT_NAME = "$(TARGET_NAME)";
				SWIFT_VERSION = 4.0;
				TARGETED_DEVICE_FAMILY = "1,2";
			};
			name = Release;
		};
/* End XCBuildConfiguration section */

/* Begin XCConfigurationList section */
		79DAF6F6203BEA020076B036 /* Build configuration list for PBXProject "lab2" */ = {
			isa = XCConfigurationList;
			buildConfigurations = (
				79DAF70B203BEA020076B036 /* Debug */,
				79DAF70C203BEA020076B036 /* Release */,
			);
			defaultConfigurationIsVisible = 0;
			defaultConfigurationName = Release;
		};
		79DAF70D203BEA020076B036 /* Build configuration list for PBXNativeTarget "lab2" */ = {
			isa = XCConfigurationList;
			buildConfigurations = (
				79DAF70E203BEA020076B036 /* Debug */,
				79DAF70F203BEA020076B036 /* Release */,
			);
			defaultConfigurationIsVisible = 0;
			defaultConfigurationName = Release;
		};
/* End XCConfigurationList section */
	};
	rootObject = 79DAF6F3203BEA020076B036 /* Project object */;
}
